PODS:
  - connectivity_plus (0.0.1):
    - Flutter
  - device_info_plus (0.0.1):
    - Flutter
  - Flutter (1.0.0)
  - fluwx (0.0.1):
    - Flutter
    - fluwx/pay (= 0.0.1)
  - fluwx/pay (0.0.1):
    - Flutter
    - WechatOpenSDK-XCFramework (~> 2.0.5)
  - image_cropper (0.0.5):
    - Flutter
    - TOCropViewController (~> 3.1.2)
  - image_picker_ios (0.0.1):
    - Flutter
  - package_info_plus (0.4.5):
    - Flutter
  - permission_handler_apple (9.3.0):
    - Flutter
  - shared_preferences_foundation (0.0.1):
    - Flutter
    - FlutterMacOS
  - sqflite_darwin (0.0.4):
    - Flutter
    - FlutterMacOS
  - tobias (0.0.1):
    - Flutter
    - tobias/normal (= 0.0.1)
  - tobias/normal (0.0.1):
    - Flutter
  - TOCropViewController (3.1.2)
  - url_launcher_ios (0.0.1):
    - Flutter
  - webview_flutter_wkwebview (0.0.1):
    - Flutter
    - FlutterMacOS
  - WechatOpenSDK-XCFramework (2.0.5)

DEPENDENCIES:
  - connectivity_plus (from `.symlinks/plugins/connectivity_plus/ios`)
  - device_info_plus (from `.symlinks/plugins/device_info_plus/ios`)
  - Flutter (from `Flutter`)
  - fluwx (from `.symlinks/plugins/fluwx/ios`)
  - image_cropper (from `.symlinks/plugins/image_cropper/ios`)
  - image_picker_ios (from `.symlinks/plugins/image_picker_ios/ios`)
  - package_info_plus (from `.symlinks/plugins/package_info_plus/ios`)
  - permission_handler_apple (from `.symlinks/plugins/permission_handler_apple/ios`)
  - shared_preferences_foundation (from `.symlinks/plugins/shared_preferences_foundation/darwin`)
  - sqflite_darwin (from `.symlinks/plugins/sqflite_darwin/darwin`)
  - tobias (from `.symlinks/plugins/tobias/ios`)
  - url_launcher_ios (from `.symlinks/plugins/url_launcher_ios/ios`)
  - webview_flutter_wkwebview (from `.symlinks/plugins/webview_flutter_wkwebview/darwin`)

SPEC REPOS:
  trunk:
    - TOCropViewController
    - WechatOpenSDK-XCFramework

EXTERNAL SOURCES:
  connectivity_plus:
    :path: ".symlinks/plugins/connectivity_plus/ios"
  device_info_plus:
    :path: ".symlinks/plugins/device_info_plus/ios"
  Flutter:
    :path: Flutter
  fluwx:
    :path: ".symlinks/plugins/fluwx/ios"
  image_cropper:
    :path: ".symlinks/plugins/image_cropper/ios"
  image_picker_ios:
    :path: ".symlinks/plugins/image_picker_ios/ios"
  package_info_plus:
    :path: ".symlinks/plugins/package_info_plus/ios"
  permission_handler_apple:
    :path: ".symlinks/plugins/permission_handler_apple/ios"
  shared_preferences_foundation:
    :path: ".symlinks/plugins/shared_preferences_foundation/darwin"
  sqflite_darwin:
    :path: ".symlinks/plugins/sqflite_darwin/darwin"
  tobias:
    :path: ".symlinks/plugins/tobias/ios"
  url_launcher_ios:
    :path: ".symlinks/plugins/url_launcher_ios/ios"
  webview_flutter_wkwebview:
    :path: ".symlinks/plugins/webview_flutter_wkwebview/darwin"

SPEC CHECKSUMS:
  connectivity_plus: 2a701ffec2c0ae28a48cf7540e279787e77c447d
  device_info_plus: bf2e3232933866d73fe290f2942f2156cdd10342
  Flutter: cabc95a1d2626b1b06e7179b784ebcf0c0cde467
  fluwx: 95a2274c23418c1098940bd00dcfe7c975bb0550
  image_cropper: d3ba338ce166ebe54a4e1de742829354b521d473
  image_picker_ios: 4f2f91b01abdb52842a8e277617df877e40f905b
  package_info_plus: c0502532a26c7662a62a356cebe2692ec5fe4ec4
  permission_handler_apple: 9878588469a2b0d0fc1e048d9f43605f92e6cec2
  shared_preferences_foundation: 5086985c1d43c5ba4d5e69a4e8083a389e2909e6
  sqflite_darwin: 5a7236e3b501866c1c9befc6771dfd73ffb8702d
  tobias: 444de28ea3441b5bdbe2f85321544dd62c0dabe4
  TOCropViewController: a916930c465b5d9445a74d95e0c0da931771b4df
  url_launcher_ios: bb13df5870e8c4234ca12609d04010a21be43dfa
  webview_flutter_wkwebview: 29eb20d43355b48fe7d07113835b9128f84e3af4
  WechatOpenSDK-XCFramework: b072030c9eeee91dfff1856a7846f70f7b9a88ed

PODFILE CHECKSUM: 06f3adbbd25ae1c06e004ac4120e257e4ac34450

COCOAPODS: 1.16.2
